
Microsoft Visual Studio Solution File, Format Version 12.00
# Visual Studio 15
VisualStudioVersion = 15.0.26124.0
MinimumVisualStudioVersion = 15.0.26124.0
Project("{9A19103F-16F7-4668-BE54-9A1E7A4F7556}") = "ModernBusiness.App", "ModernBusiness.App\ModernBusiness.App.csproj", "{DE2B870F-07AF-4901-8FC5-C9953FDFF968}"
EndProject
Project("{9A19103F-16F7-4668-BE54-9A1E7A4F7556}") = "ModernBusiness.Theme", "Themes.Pages\ModernBusiness.Theme\ModernBusiness.Theme.csproj", "{F5B96975-4E46-469D-829A-128343A87356}"
EndProject
Project("{9A19103F-16F7-4668-BE54-9A1E7A4F7556}") = "ModernBusiness.Pages", "Modules.Pages\ModernBusiness.Pages\ModernBusiness.Pages.csproj", "{A74D35BD-4960-4EC6-B631-EC3D281AF12B}"
EndProject
Project("{9A19103F-16F7-4668-BE54-9A1E7A4F7556}") = "ModernBusiness.Pages.Portfolio", "Modules.Pages\ModernBusiness.Pages.Portfolio\ModernBusiness.Pages.Portfolio.csproj", "{736861F6-42A0-4FB0-BB3B-D781888D65C3}"
EndProject
Project("{9A19103F-16F7-4668-BE54-9A1E7A4F7556}") = "ModernBusiness.Pages.Shared", "Modules.Pages\ModernBusiness.Pages.Shared\ModernBusiness.Pages.Shared.csproj", "{5C87EA67-E8CF-4CE8-8C69-CD2BD3224971}"
EndProject
Project("{9A19103F-16F7-4668-BE54-9A1E7A4F7556}") = "ModernBusiness.Pages.Contact", "Modules.Pages\ModernBusiness.Pages.Contact\ModernBusiness.Pages.Contact.csproj", "{7024170E-FF78-44D9-8422-B10107F903E6}"
EndProject
Project("{9A19103F-16F7-4668-BE54-9A1E7A4F7556}") = "ModernBusiness.Pages.Service", "Modules.Pages\ModernBusiness.Pages.Service\ModernBusiness.Pages.Service.csproj", "{BE0969BD-E730-48B6-8923-FE26F0843EC4}"
EndProject
Project("{9A19103F-16F7-4668-BE54-9A1E7A4F7556}") = "ModernBusiness.Pages.About", "Modules.Pages\ModernBusiness.Pages.About\ModernBusiness.Pages.About.csproj", "{11978C55-CBC4-459B-A6DD-A9268C01A1D8}"
EndProject
Project("{9A19103F-16F7-4668-BE54-9A1E7A4F7556}") = "ModernBusiness.Pages.Blog", "Modules.Pages\ModernBusiness.Pages.Blog\ModernBusiness.Pages.Blog.csproj", "{2D25D2ED-4520-417B-8043-12B3D3C816BE}"
EndProject
Project("{9A19103F-16F7-4668-BE54-9A1E7A4F7556}") = "TestTagPart.OrchardCore", "testpart\TestTagPart.OrchardCore.csproj", "{AB4D8D86-D532-4115-B7A6-616569DA125D}"
EndProject
Project("{9A19103F-16F7-4668-BE54-9A1E7A4F7556}") = "ModernBusiness.Pages.Faq", "Modules.Pages\ModernBusiness.Pages.Faq\ModernBusiness.Pages.Faq.csproj", "{69F0A7FB-16CD-44BB-AD40-F0F6E83D4BAD}"
EndProject
Project("{9A19103F-16F7-4668-BE54-9A1E7A4F7556}") = "ModernBusiness.Pages.PricePlan", "Modules.Pages\ModernBusiness.Pages.PricePlan\ModernBusiness.Pages.PricePlan.csproj", "{A10F8E12-743D-4B73-AE39-CA98FD17337A}"
EndProject
Project("{FAE04EC0-301F-11D3-BF4B-00C04F79EFBC}") = "ModernBusiness.Pages.Static", "Modules.Pages\ModernBusiness.Pages.Static\ModernBusiness.Pages.Static.csproj", "{0916D910-0DBA-4189-B440-73AB6E75BA41}"
EndProject
Global
	GlobalSection(SolutionConfigurationPlatforms) = preSolution
		Debug|Any CPU = Debug|Any CPU
		Debug|x64 = Debug|x64
		Debug|x86 = Debug|x86
		Release|Any CPU = Release|Any CPU
		Release|x64 = Release|x64
		Release|x86 = Release|x86
	EndGlobalSection
	GlobalSection(ProjectConfigurationPlatforms) = postSolution
		{DE2B870F-07AF-4901-8FC5-C9953FDFF968}.Debug|Any CPU.ActiveCfg = Debug|Any CPU
		{DE2B870F-07AF-4901-8FC5-C9953FDFF968}.Debug|Any CPU.Build.0 = Debug|Any CPU
		{DE2B870F-07AF-4901-8FC5-C9953FDFF968}.Debug|x64.ActiveCfg = Debug|Any CPU
		{DE2B870F-07AF-4901-8FC5-C9953FDFF968}.Debug|x64.Build.0 = Debug|Any CPU
		{DE2B870F-07AF-4901-8FC5-C9953FDFF968}.Debug|x86.ActiveCfg = Debug|Any CPU
		{DE2B870F-07AF-4901-8FC5-C9953FDFF968}.Debug|x86.Build.0 = Debug|Any CPU
		{DE2B870F-07AF-4901-8FC5-C9953FDFF968}.Release|Any CPU.ActiveCfg = Release|Any CPU
		{DE2B870F-07AF-4901-8FC5-C9953FDFF968}.Release|Any CPU.Build.0 = Release|Any CPU
		{DE2B870F-07AF-4901-8FC5-C9953FDFF968}.Release|x64.ActiveCfg = Release|Any CPU
		{DE2B870F-07AF-4901-8FC5-C9953FDFF968}.Release|x64.Build.0 = Release|Any CPU
		{DE2B870F-07AF-4901-8FC5-C9953FDFF968}.Release|x86.ActiveCfg = Release|Any CPU
		{DE2B870F-07AF-4901-8FC5-C9953FDFF968}.Release|x86.Build.0 = Release|Any CPU
		{F5B96975-4E46-469D-829A-128343A87356}.Debug|Any CPU.ActiveCfg = Debug|Any CPU
		{F5B96975-4E46-469D-829A-128343A87356}.Debug|Any CPU.Build.0 = Debug|Any CPU
		{F5B96975-4E46-469D-829A-128343A87356}.Debug|x64.ActiveCfg = Debug|Any CPU
		{F5B96975-4E46-469D-829A-128343A87356}.Debug|x64.Build.0 = Debug|Any CPU
		{F5B96975-4E46-469D-829A-128343A87356}.Debug|x86.ActiveCfg = Debug|Any CPU
		{F5B96975-4E46-469D-829A-128343A87356}.Debug|x86.Build.0 = Debug|Any CPU
		{F5B96975-4E46-469D-829A-128343A87356}.Release|Any CPU.ActiveCfg = Release|Any CPU
		{F5B96975-4E46-469D-829A-128343A87356}.Release|Any CPU.Build.0 = Release|Any CPU
		{F5B96975-4E46-469D-829A-128343A87356}.Release|x64.ActiveCfg = Release|Any CPU
		{F5B96975-4E46-469D-829A-128343A87356}.Release|x64.Build.0 = Release|Any CPU
		{F5B96975-4E46-469D-829A-128343A87356}.Release|x86.ActiveCfg = Release|Any CPU
		{F5B96975-4E46-469D-829A-128343A87356}.Release|x86.Build.0 = Release|Any CPU
		{A74D35BD-4960-4EC6-B631-EC3D281AF12B}.Debug|Any CPU.ActiveCfg = Debug|Any CPU
		{A74D35BD-4960-4EC6-B631-EC3D281AF12B}.Debug|Any CPU.Build.0 = Debug|Any CPU
		{A74D35BD-4960-4EC6-B631-EC3D281AF12B}.Debug|x64.ActiveCfg = Debug|Any CPU
		{A74D35BD-4960-4EC6-B631-EC3D281AF12B}.Debug|x64.Build.0 = Debug|Any CPU
		{A74D35BD-4960-4EC6-B631-EC3D281AF12B}.Debug|x86.ActiveCfg = Debug|Any CPU
		{A74D35BD-4960-4EC6-B631-EC3D281AF12B}.Debug|x86.Build.0 = Debug|Any CPU
		{A74D35BD-4960-4EC6-B631-EC3D281AF12B}.Release|Any CPU.ActiveCfg = Release|Any CPU
		{A74D35BD-4960-4EC6-B631-EC3D281AF12B}.Release|Any CPU.Build.0 = Release|Any CPU
		{A74D35BD-4960-4EC6-B631-EC3D281AF12B}.Release|x64.ActiveCfg = Release|Any CPU
		{A74D35BD-4960-4EC6-B631-EC3D281AF12B}.Release|x64.Build.0 = Release|Any CPU
		{A74D35BD-4960-4EC6-B631-EC3D281AF12B}.Release|x86.ActiveCfg = Release|Any CPU
		{A74D35BD-4960-4EC6-B631-EC3D281AF12B}.Release|x86.Build.0 = Release|Any CPU
		{736861F6-42A0-4FB0-BB3B-D781888D65C3}.Debug|Any CPU.ActiveCfg = Debug|Any CPU
		{736861F6-42A0-4FB0-BB3B-D781888D65C3}.Debug|Any CPU.Build.0 = Debug|Any CPU
		{736861F6-42A0-4FB0-BB3B-D781888D65C3}.Debug|x64.ActiveCfg = Debug|Any CPU
		{736861F6-42A0-4FB0-BB3B-D781888D65C3}.Debug|x64.Build.0 = Debug|Any CPU
		{736861F6-42A0-4FB0-BB3B-D781888D65C3}.Debug|x86.ActiveCfg = Debug|Any CPU
		{736861F6-42A0-4FB0-BB3B-D781888D65C3}.Debug|x86.Build.0 = Debug|Any CPU
		{736861F6-42A0-4FB0-BB3B-D781888D65C3}.Release|Any CPU.ActiveCfg = Release|Any CPU
		{736861F6-42A0-4FB0-BB3B-D781888D65C3}.Release|Any CPU.Build.0 = Release|Any CPU
		{736861F6-42A0-4FB0-BB3B-D781888D65C3}.Release|x64.ActiveCfg = Release|Any CPU
		{736861F6-42A0-4FB0-BB3B-D781888D65C3}.Release|x64.Build.0 = Release|Any CPU
		{736861F6-42A0-4FB0-BB3B-D781888D65C3}.Release|x86.ActiveCfg = Release|Any CPU
		{736861F6-42A0-4FB0-BB3B-D781888D65C3}.Release|x86.Build.0 = Release|Any CPU
		{5C87EA67-E8CF-4CE8-8C69-CD2BD3224971}.Debug|Any CPU.ActiveCfg = Debug|Any CPU
		{5C87EA67-E8CF-4CE8-8C69-CD2BD3224971}.Debug|Any CPU.Build.0 = Debug|Any CPU
		{5C87EA67-E8CF-4CE8-8C69-CD2BD3224971}.Debug|x64.ActiveCfg = Debug|Any CPU
		{5C87EA67-E8CF-4CE8-8C69-CD2BD3224971}.Debug|x64.Build.0 = Debug|Any CPU
		{5C87EA67-E8CF-4CE8-8C69-CD2BD3224971}.Debug|x86.ActiveCfg = Debug|Any CPU
		{5C87EA67-E8CF-4CE8-8C69-CD2BD3224971}.Debug|x86.Build.0 = Debug|Any CPU
		{5C87EA67-E8CF-4CE8-8C69-CD2BD3224971}.Release|Any CPU.ActiveCfg = Release|Any CPU
		{5C87EA67-E8CF-4CE8-8C69-CD2BD3224971}.Release|Any CPU.Build.0 = Release|Any CPU
		{5C87EA67-E8CF-4CE8-8C69-CD2BD3224971}.Release|x64.ActiveCfg = Release|Any CPU
		{5C87EA67-E8CF-4CE8-8C69-CD2BD3224971}.Release|x64.Build.0 = Release|Any CPU
		{5C87EA67-E8CF-4CE8-8C69-CD2BD3224971}.Release|x86.ActiveCfg = Release|Any CPU
		{5C87EA67-E8CF-4CE8-8C69-CD2BD3224971}.Release|x86.Build.0 = Release|Any CPU
		{7024170E-FF78-44D9-8422-B10107F903E6}.Debug|Any CPU.ActiveCfg = Debug|Any CPU
		{7024170E-FF78-44D9-8422-B10107F903E6}.Debug|Any CPU.Build.0 = Debug|Any CPU
		{7024170E-FF78-44D9-8422-B10107F903E6}.Debug|x64.ActiveCfg = Debug|Any CPU
		{7024170E-FF78-44D9-8422-B10107F903E6}.Debug|x64.Build.0 = Debug|Any CPU
		{7024170E-FF78-44D9-8422-B10107F903E6}.Debug|x86.ActiveCfg = Debug|Any CPU
		{7024170E-FF78-44D9-8422-B10107F903E6}.Debug|x86.Build.0 = Debug|Any CPU
		{7024170E-FF78-44D9-8422-B10107F903E6}.Release|Any CPU.ActiveCfg = Release|Any CPU
		{7024170E-FF78-44D9-8422-B10107F903E6}.Release|Any CPU.Build.0 = Release|Any CPU
		{7024170E-FF78-44D9-8422-B10107F903E6}.Release|x64.ActiveCfg = Release|Any CPU
		{7024170E-FF78-44D9-8422-B10107F903E6}.Release|x64.Build.0 = Release|Any CPU
		{7024170E-FF78-44D9-8422-B10107F903E6}.Release|x86.ActiveCfg = Release|Any CPU
		{7024170E-FF78-44D9-8422-B10107F903E6}.Release|x86.Build.0 = Release|Any CPU
		{BE0969BD-E730-48B6-8923-FE26F0843EC4}.Debug|Any CPU.ActiveCfg = Debug|Any CPU
		{BE0969BD-E730-48B6-8923-FE26F0843EC4}.Debug|Any CPU.Build.0 = Debug|Any CPU
		{BE0969BD-E730-48B6-8923-FE26F0843EC4}.Debug|x64.ActiveCfg = Debug|Any CPU
		{BE0969BD-E730-48B6-8923-FE26F0843EC4}.Debug|x64.Build.0 = Debug|Any CPU
		{BE0969BD-E730-48B6-8923-FE26F0843EC4}.Debug|x86.ActiveCfg = Debug|Any CPU
		{BE0969BD-E730-48B6-8923-FE26F0843EC4}.Debug|x86.Build.0 = Debug|Any CPU
		{BE0969BD-E730-48B6-8923-FE26F0843EC4}.Release|Any CPU.ActiveCfg = Release|Any CPU
		{BE0969BD-E730-48B6-8923-FE26F0843EC4}.Release|Any CPU.Build.0 = Release|Any CPU
		{BE0969BD-E730-48B6-8923-FE26F0843EC4}.Release|x64.ActiveCfg = Release|Any CPU
		{BE0969BD-E730-48B6-8923-FE26F0843EC4}.Release|x64.Build.0 = Release|Any CPU
		{BE0969BD-E730-48B6-8923-FE26F0843EC4}.Release|x86.ActiveCfg = Release|Any CPU
		{BE0969BD-E730-48B6-8923-FE26F0843EC4}.Release|x86.Build.0 = Release|Any CPU
		{11978C55-CBC4-459B-A6DD-A9268C01A1D8}.Debug|Any CPU.ActiveCfg = Debug|Any CPU
		{11978C55-CBC4-459B-A6DD-A9268C01A1D8}.Debug|Any CPU.Build.0 = Debug|Any CPU
		{11978C55-CBC4-459B-A6DD-A9268C01A1D8}.Debug|x64.ActiveCfg = Debug|Any CPU
		{11978C55-CBC4-459B-A6DD-A9268C01A1D8}.Debug|x64.Build.0 = Debug|Any CPU
		{11978C55-CBC4-459B-A6DD-A9268C01A1D8}.Debug|x86.ActiveCfg = Debug|Any CPU
		{11978C55-CBC4-459B-A6DD-A9268C01A1D8}.Debug|x86.Build.0 = Debug|Any CPU
		{11978C55-CBC4-459B-A6DD-A9268C01A1D8}.Release|Any CPU.ActiveCfg = Release|Any CPU
		{11978C55-CBC4-459B-A6DD-A9268C01A1D8}.Release|Any CPU.Build.0 = Release|Any CPU
		{11978C55-CBC4-459B-A6DD-A9268C01A1D8}.Release|x64.ActiveCfg = Release|Any CPU
		{11978C55-CBC4-459B-A6DD-A9268C01A1D8}.Release|x64.Build.0 = Release|Any CPU
		{11978C55-CBC4-459B-A6DD-A9268C01A1D8}.Release|x86.ActiveCfg = Release|Any CPU
		{11978C55-CBC4-459B-A6DD-A9268C01A1D8}.Release|x86.Build.0 = Release|Any CPU
		{2D25D2ED-4520-417B-8043-12B3D3C816BE}.Debug|Any CPU.ActiveCfg = Debug|Any CPU
		{2D25D2ED-4520-417B-8043-12B3D3C816BE}.Debug|Any CPU.Build.0 = Debug|Any CPU
		{2D25D2ED-4520-417B-8043-12B3D3C816BE}.Debug|x64.ActiveCfg = Debug|Any CPU
		{2D25D2ED-4520-417B-8043-12B3D3C816BE}.Debug|x64.Build.0 = Debug|Any CPU
		{2D25D2ED-4520-417B-8043-12B3D3C816BE}.Debug|x86.ActiveCfg = Debug|Any CPU
		{2D25D2ED-4520-417B-8043-12B3D3C816BE}.Debug|x86.Build.0 = Debug|Any CPU
		{2D25D2ED-4520-417B-8043-12B3D3C816BE}.Release|Any CPU.ActiveCfg = Release|Any CPU
		{2D25D2ED-4520-417B-8043-12B3D3C816BE}.Release|Any CPU.Build.0 = Release|Any CPU
		{2D25D2ED-4520-417B-8043-12B3D3C816BE}.Release|x64.ActiveCfg = Release|Any CPU
		{2D25D2ED-4520-417B-8043-12B3D3C816BE}.Release|x64.Build.0 = Release|Any CPU
		{2D25D2ED-4520-417B-8043-12B3D3C816BE}.Release|x86.ActiveCfg = Release|Any CPU
		{2D25D2ED-4520-417B-8043-12B3D3C816BE}.Release|x86.Build.0 = Release|Any CPU
		{AB4D8D86-D532-4115-B7A6-616569DA125D}.Debug|Any CPU.ActiveCfg = Debug|Any CPU
		{AB4D8D86-D532-4115-B7A6-616569DA125D}.Debug|Any CPU.Build.0 = Debug|Any CPU
		{AB4D8D86-D532-4115-B7A6-616569DA125D}.Debug|x64.ActiveCfg = Debug|Any CPU
		{AB4D8D86-D532-4115-B7A6-616569DA125D}.Debug|x64.Build.0 = Debug|Any CPU
		{AB4D8D86-D532-4115-B7A6-616569DA125D}.Debug|x86.ActiveCfg = Debug|Any CPU
		{AB4D8D86-D532-4115-B7A6-616569DA125D}.Debug|x86.Build.0 = Debug|Any CPU
		{AB4D8D86-D532-4115-B7A6-616569DA125D}.Release|Any CPU.ActiveCfg = Release|Any CPU
		{AB4D8D86-D532-4115-B7A6-616569DA125D}.Release|Any CPU.Build.0 = Release|Any CPU
		{AB4D8D86-D532-4115-B7A6-616569DA125D}.Release|x64.ActiveCfg = Release|Any CPU
		{AB4D8D86-D532-4115-B7A6-616569DA125D}.Release|x64.Build.0 = Release|Any CPU
		{AB4D8D86-D532-4115-B7A6-616569DA125D}.Release|x86.ActiveCfg = Release|Any CPU
		{AB4D8D86-D532-4115-B7A6-616569DA125D}.Release|x86.Build.0 = Release|Any CPU
		{69F0A7FB-16CD-44BB-AD40-F0F6E83D4BAD}.Debug|Any CPU.ActiveCfg = Debug|Any CPU
		{69F0A7FB-16CD-44BB-AD40-F0F6E83D4BAD}.Debug|Any CPU.Build.0 = Debug|Any CPU
		{69F0A7FB-16CD-44BB-AD40-F0F6E83D4BAD}.Debug|x64.ActiveCfg = Debug|Any CPU
		{69F0A7FB-16CD-44BB-AD40-F0F6E83D4BAD}.Debug|x64.Build.0 = Debug|Any CPU
		{69F0A7FB-16CD-44BB-AD40-F0F6E83D4BAD}.Debug|x86.ActiveCfg = Debug|Any CPU
		{69F0A7FB-16CD-44BB-AD40-F0F6E83D4BAD}.Debug|x86.Build.0 = Debug|Any CPU
		{69F0A7FB-16CD-44BB-AD40-F0F6E83D4BAD}.Release|Any CPU.ActiveCfg = Release|Any CPU
		{69F0A7FB-16CD-44BB-AD40-F0F6E83D4BAD}.Release|Any CPU.Build.0 = Release|Any CPU
		{69F0A7FB-16CD-44BB-AD40-F0F6E83D4BAD}.Release|x64.ActiveCfg = Release|Any CPU
		{69F0A7FB-16CD-44BB-AD40-F0F6E83D4BAD}.Release|x64.Build.0 = Release|Any CPU
		{69F0A7FB-16CD-44BB-AD40-F0F6E83D4BAD}.Release|x86.ActiveCfg = Release|Any CPU
		{69F0A7FB-16CD-44BB-AD40-F0F6E83D4BAD}.Release|x86.Build.0 = Release|Any CPU
		{A10F8E12-743D-4B73-AE39-CA98FD17337A}.Debug|Any CPU.ActiveCfg = Debug|Any CPU
		{A10F8E12-743D-4B73-AE39-CA98FD17337A}.Debug|Any CPU.Build.0 = Debug|Any CPU
		{A10F8E12-743D-4B73-AE39-CA98FD17337A}.Debug|x64.ActiveCfg = Debug|Any CPU
		{A10F8E12-743D-4B73-AE39-CA98FD17337A}.Debug|x64.Build.0 = Debug|Any CPU
		{A10F8E12-743D-4B73-AE39-CA98FD17337A}.Debug|x86.ActiveCfg = Debug|Any CPU
		{A10F8E12-743D-4B73-AE39-CA98FD17337A}.Debug|x86.Build.0 = Debug|Any CPU
		{A10F8E12-743D-4B73-AE39-CA98FD17337A}.Release|Any CPU.ActiveCfg = Release|Any CPU
		{A10F8E12-743D-4B73-AE39-CA98FD17337A}.Release|Any CPU.Build.0 = Release|Any CPU
		{A10F8E12-743D-4B73-AE39-CA98FD17337A}.Release|x64.ActiveCfg = Release|Any CPU
		{A10F8E12-743D-4B73-AE39-CA98FD17337A}.Release|x64.Build.0 = Release|Any CPU
		{A10F8E12-743D-4B73-AE39-CA98FD17337A}.Release|x86.ActiveCfg = Release|Any CPU
		{A10F8E12-743D-4B73-AE39-CA98FD17337A}.Release|x86.Build.0 = Release|Any CPU
		{0916D910-0DBA-4189-B440-73AB6E75BA41}.Debug|Any CPU.ActiveCfg = Debug|Any CPU
		{0916D910-0DBA-4189-B440-73AB6E75BA41}.Debug|Any CPU.Build.0 = Debug|Any CPU
		{0916D910-0DBA-4189-B440-73AB6E75BA41}.Debug|x64.ActiveCfg = Debug|Any CPU
		{0916D910-0DBA-4189-B440-73AB6E75BA41}.Debug|x64.Build.0 = Debug|Any CPU
		{0916D910-0DBA-4189-B440-73AB6E75BA41}.Debug|x86.ActiveCfg = Debug|Any CPU
		{0916D910-0DBA-4189-B440-73AB6E75BA41}.Debug|x86.Build.0 = Debug|Any CPU
		{0916D910-0DBA-4189-B440-73AB6E75BA41}.Release|Any CPU.ActiveCfg = Release|Any CPU
		{0916D910-0DBA-4189-B440-73AB6E75BA41}.Release|Any CPU.Build.0 = Release|Any CPU
		{0916D910-0DBA-4189-B440-73AB6E75BA41}.Release|x64.ActiveCfg = Release|Any CPU
		{0916D910-0DBA-4189-B440-73AB6E75BA41}.Release|x64.Build.0 = Release|Any CPU
		{0916D910-0DBA-4189-B440-73AB6E75BA41}.Release|x86.ActiveCfg = Release|Any CPU
		{0916D910-0DBA-4189-B440-73AB6E75BA41}.Release|x86.Build.0 = Release|Any CPU
	EndGlobalSection
	GlobalSection(SolutionProperties) = preSolution
		HideSolutionNode = FALSE
	EndGlobalSection
	GlobalSection(ExtensibilityGlobals) = postSolution
		SolutionGuid = {16E3561E-8C3C-45B7-B055-C4AAD796EAC5}
	EndGlobalSection
EndGlobal
