
Microsoft Visual Studio Solution File, Format Version 12.00
# Visual Studio 15
VisualStudioVersion = 15.0.26124.0
MinimumVisualStudioVersion = 15.0.26124.0
Project("{9A19103F-16F7-4668-BE54-9A1E7A4F7556}") = "ModernBusiness.App", "ModernBusiness.App\ModernBusiness.App.csproj", "{DE2B870F-07AF-4901-8FC5-C9953FDFF968}"
EndProject
Project("{9A19103F-16F7-4668-BE54-9A1E7A4F7556}") = "ModernBusiness.Theme", "Themes.Pages\ModernBusiness.Theme\ModernBusiness.Theme.csproj", "{F5B96975-4E46-469D-829A-128343A87356}"
EndProject
Project("{9A19103F-16F7-4668-BE54-9A1E7A4F7556}") = "ModernBusiness.Pages", "Modules.Pages\ModernBusiness.Pages\ModernBusiness.Pages.csproj", "{A74D35BD-4960-4EC6-B631-EC3D281AF12B}"
EndProject
Global
	GlobalSection(SolutionConfigurationPlatforms) = preSolution
		Debug|Any CPU = Debug|Any CPU
		Debug|x64 = Debug|x64
		Debug|x86 = Debug|x86
		Release|Any CPU = Release|Any CPU
		Release|x64 = Release|x64
		Release|x86 = Release|x86
	EndGlobalSection
	GlobalSection(ProjectConfigurationPlatforms) = postSolution
		{DE2B870F-07AF-4901-8FC5-C9953FDFF968}.Debug|Any CPU.ActiveCfg = Debug|Any CPU
		{DE2B870F-07AF-4901-8FC5-C9953FDFF968}.Debug|Any CPU.Build.0 = Debug|Any CPU
		{DE2B870F-07AF-4901-8FC5-C9953FDFF968}.Debug|x64.ActiveCfg = Debug|Any CPU
		{DE2B870F-07AF-4901-8FC5-C9953FDFF968}.Debug|x64.Build.0 = Debug|Any CPU
		{DE2B870F-07AF-4901-8FC5-C9953FDFF968}.Debug|x86.ActiveCfg = Debug|Any CPU
		{DE2B870F-07AF-4901-8FC5-C9953FDFF968}.Debug|x86.Build.0 = Debug|Any CPU
		{DE2B870F-07AF-4901-8FC5-C9953FDFF968}.Release|Any CPU.ActiveCfg = Release|Any CPU
		{DE2B870F-07AF-4901-8FC5-C9953FDFF968}.Release|Any CPU.Build.0 = Release|Any CPU
		{DE2B870F-07AF-4901-8FC5-C9953FDFF968}.Release|x64.ActiveCfg = Release|Any CPU
		{DE2B870F-07AF-4901-8FC5-C9953FDFF968}.Release|x64.Build.0 = Release|Any CPU
		{DE2B870F-07AF-4901-8FC5-C9953FDFF968}.Release|x86.ActiveCfg = Release|Any CPU
		{DE2B870F-07AF-4901-8FC5-C9953FDFF968}.Release|x86.Build.0 = Release|Any CPU
		{F5B96975-4E46-469D-829A-128343A87356}.Debug|Any CPU.ActiveCfg = Debug|Any CPU
		{F5B96975-4E46-469D-829A-128343A87356}.Debug|Any CPU.Build.0 = Debug|Any CPU
		{F5B96975-4E46-469D-829A-128343A87356}.Debug|x64.ActiveCfg = Debug|Any CPU
		{F5B96975-4E46-469D-829A-128343A87356}.Debug|x64.Build.0 = Debug|Any CPU
		{F5B96975-4E46-469D-829A-128343A87356}.Debug|x86.ActiveCfg = Debug|Any CPU
		{F5B96975-4E46-469D-829A-128343A87356}.Debug|x86.Build.0 = Debug|Any CPU
		{F5B96975-4E46-469D-829A-128343A87356}.Release|Any CPU.ActiveCfg = Release|Any CPU
		{F5B96975-4E46-469D-829A-128343A87356}.Release|Any CPU.Build.0 = Release|Any CPU
		{F5B96975-4E46-469D-829A-128343A87356}.Release|x64.ActiveCfg = Release|Any CPU
		{F5B96975-4E46-469D-829A-128343A87356}.Release|x64.Build.0 = Release|Any CPU
		{F5B96975-4E46-469D-829A-128343A87356}.Release|x86.ActiveCfg = Release|Any CPU
		{F5B96975-4E46-469D-829A-128343A87356}.Release|x86.Build.0 = Release|Any CPU
		{A74D35BD-4960-4EC6-B631-EC3D281AF12B}.Debug|Any CPU.ActiveCfg = Debug|Any CPU
		{A74D35BD-4960-4EC6-B631-EC3D281AF12B}.Debug|Any CPU.Build.0 = Debug|Any CPU
		{A74D35BD-4960-4EC6-B631-EC3D281AF12B}.Debug|x64.ActiveCfg = Debug|Any CPU
		{A74D35BD-4960-4EC6-B631-EC3D281AF12B}.Debug|x64.Build.0 = Debug|Any CPU
		{A74D35BD-4960-4EC6-B631-EC3D281AF12B}.Debug|x86.ActiveCfg = Debug|Any CPU
		{A74D35BD-4960-4EC6-B631-EC3D281AF12B}.Debug|x86.Build.0 = Debug|Any CPU
		{A74D35BD-4960-4EC6-B631-EC3D281AF12B}.Release|Any CPU.ActiveCfg = Release|Any CPU
		{A74D35BD-4960-4EC6-B631-EC3D281AF12B}.Release|Any CPU.Build.0 = Release|Any CPU
		{A74D35BD-4960-4EC6-B631-EC3D281AF12B}.Release|x64.ActiveCfg = Release|Any CPU
		{A74D35BD-4960-4EC6-B631-EC3D281AF12B}.Release|x64.Build.0 = Release|Any CPU
		{A74D35BD-4960-4EC6-B631-EC3D281AF12B}.Release|x86.ActiveCfg = Release|Any CPU
		{A74D35BD-4960-4EC6-B631-EC3D281AF12B}.Release|x86.Build.0 = Release|Any CPU
	EndGlobalSection
	GlobalSection(SolutionProperties) = preSolution
		HideSolutionNode = FALSE
	EndGlobalSection
	GlobalSection(ExtensibilityGlobals) = postSolution
		SolutionGuid = {16E3561E-8C3C-45B7-B055-C4AAD796EAC5}
	EndGlobalSection
EndGlobal
