
Microsoft Visual Studio Solution File, Format Version 12.00
# Visual Studio 15
VisualStudioVersion = 15.0.26124.0
MinimumVisualStudioVersion = 15.0.26124.0
Project("{9A19103F-16F7-4668-BE54-9A1E7A4F7556}") = "OCCms", "OCCms\OCCms.csproj", "{3D5E8F70-7AEA-4D38-921A-0AB04153C53C}"
EndProject
Project("{9A19103F-16F7-4668-BE54-9A1E7A4F7556}") = "OCRPModernBusiness", "OCRPModernBusiness\OCRPModernBusiness.csproj", "{E3CF30E2-FC66-414B-AC26-2176A63263C8}"
EndProject
Global
	GlobalSection(SolutionConfigurationPlatforms) = preSolution
		Debug|Any CPU = Debug|Any CPU
		Debug|x64 = Debug|x64
		Debug|x86 = Debug|x86
		Release|Any CPU = Release|Any CPU
		Release|x64 = Release|x64
		Release|x86 = Release|x86
	EndGlobalSection
	GlobalSection(ProjectConfigurationPlatforms) = postSolution
		{3D5E8F70-7AEA-4D38-921A-0AB04153C53C}.Debug|Any CPU.ActiveCfg = Debug|Any CPU
		{3D5E8F70-7AEA-4D38-921A-0AB04153C53C}.Debug|Any CPU.Build.0 = Debug|Any CPU
		{3D5E8F70-7AEA-4D38-921A-0AB04153C53C}.Debug|x64.ActiveCfg = Debug|Any CPU
		{3D5E8F70-7AEA-4D38-921A-0AB04153C53C}.Debug|x64.Build.0 = Debug|Any CPU
		{3D5E8F70-7AEA-4D38-921A-0AB04153C53C}.Debug|x86.ActiveCfg = Debug|Any CPU
		{3D5E8F70-7AEA-4D38-921A-0AB04153C53C}.Debug|x86.Build.0 = Debug|Any CPU
		{3D5E8F70-7AEA-4D38-921A-0AB04153C53C}.Release|Any CPU.ActiveCfg = Release|Any CPU
		{3D5E8F70-7AEA-4D38-921A-0AB04153C53C}.Release|Any CPU.Build.0 = Release|Any CPU
		{3D5E8F70-7AEA-4D38-921A-0AB04153C53C}.Release|x64.ActiveCfg = Release|Any CPU
		{3D5E8F70-7AEA-4D38-921A-0AB04153C53C}.Release|x64.Build.0 = Release|Any CPU
		{3D5E8F70-7AEA-4D38-921A-0AB04153C53C}.Release|x86.ActiveCfg = Release|Any CPU
		{3D5E8F70-7AEA-4D38-921A-0AB04153C53C}.Release|x86.Build.0 = Release|Any CPU
		{E3CF30E2-FC66-414B-AC26-2176A63263C8}.Debug|Any CPU.ActiveCfg = Debug|Any CPU
		{E3CF30E2-FC66-414B-AC26-2176A63263C8}.Debug|Any CPU.Build.0 = Debug|Any CPU
		{E3CF30E2-FC66-414B-AC26-2176A63263C8}.Debug|x64.ActiveCfg = Debug|Any CPU
		{E3CF30E2-FC66-414B-AC26-2176A63263C8}.Debug|x64.Build.0 = Debug|Any CPU
		{E3CF30E2-FC66-414B-AC26-2176A63263C8}.Debug|x86.ActiveCfg = Debug|Any CPU
		{E3CF30E2-FC66-414B-AC26-2176A63263C8}.Debug|x86.Build.0 = Debug|Any CPU
		{E3CF30E2-FC66-414B-AC26-2176A63263C8}.Release|Any CPU.ActiveCfg = Release|Any CPU
		{E3CF30E2-FC66-414B-AC26-2176A63263C8}.Release|Any CPU.Build.0 = Release|Any CPU
		{E3CF30E2-FC66-414B-AC26-2176A63263C8}.Release|x64.ActiveCfg = Release|Any CPU
		{E3CF30E2-FC66-414B-AC26-2176A63263C8}.Release|x64.Build.0 = Release|Any CPU
		{E3CF30E2-FC66-414B-AC26-2176A63263C8}.Release|x86.ActiveCfg = Release|Any CPU
		{E3CF30E2-FC66-414B-AC26-2176A63263C8}.Release|x86.Build.0 = Release|Any CPU
	EndGlobalSection
	GlobalSection(SolutionProperties) = preSolution
		HideSolutionNode = FALSE
	EndGlobalSection
	GlobalSection(ExtensibilityGlobals) = postSolution
		SolutionGuid = {C01540FA-DE5C-4BB8-A854-20F1FD3741E8}
	EndGlobalSection
EndGlobal
